
Microsoft Visual Studio Solution File, Format Version 12.00
# Visual Studio Version 17
VisualStudioVersion = 17.8.34525.116
MinimumVisualStudioVersion = 10.0.40219.1
Project("{FAE04EC0-301F-11D3-BF4B-00C04F79EFBC}") = "Work Journal", "Work Journal\Work Journal.csproj", "{9A6D4EA9-5E69-44DF-8CAB-06CC6F184A58}"
EndProject
Global
	GlobalSection(SolutionConfigurationPlatforms) = preSolution
		Debug|Any CPU = Debug|Any CPU
		Release|Any CPU = Release|Any CPU
	EndGlobalSection
	GlobalSection(ProjectConfigurationPlatforms) = postSolution
		{9A6D4EA9-5E69-44DF-8CAB-06CC6F184A58}.Debug|Any CPU.ActiveCfg = Debug|Any CPU
		{9A6D4EA9-5E69-44DF-8CAB-06CC6F184A58}.Debug|Any CPU.Build.0 = Debug|Any CPU
		{9A6D4EA9-5E69-44DF-8CAB-06CC6F184A58}.Release|Any CPU.ActiveCfg = Release|Any CPU
		{9A6D4EA9-5E69-44DF-8CAB-06CC6F184A58}.Release|Any CPU.Build.0 = Release|Any CPU
	EndGlobalSection
	GlobalSection(SolutionProperties) = preSolution
		HideSolutionNode = FALSE
	EndGlobalSection
	GlobalSection(ExtensibilityGlobals) = postSolution
		SolutionGuid = {25E1956A-ED2F-46B6-8FA7-9DC8784585A5}
	EndGlobalSection
EndGlobal
